
Microsoft Visual Studio Solution File, Format Version 12.00
# Visual Studio Version 17
VisualStudioVersion = 17.4.33205.214
MinimumVisualStudioVersion = 10.0.40219.1
Project("{FAE04EC0-301F-11D3-BF4B-00C04F79EFBC}") = "Console test", "Console test\Console test.csproj", "{8EB3389E-3F3F-4924-9644-961767F007AF}"
EndProject
Global
	GlobalSection(SolutionConfigurationPlatforms) = preSolution
		Debug|Any CPU = Debug|Any CPU
		Release|Any CPU = Release|Any CPU
	EndGlobalSection
	GlobalSection(ProjectConfigurationPlatforms) = postSolution
		{8EB3389E-3F3F-4924-9644-961767F007AF}.Debug|Any CPU.ActiveCfg = Debug|Any CPU
		{8EB3389E-3F3F-4924-9644-961767F007AF}.Debug|Any CPU.Build.0 = Debug|Any CPU
		{8EB3389E-3F3F-4924-9644-961767F007AF}.Release|Any CPU.ActiveCfg = Release|Any CPU
		{8EB3389E-3F3F-4924-9644-961767F007AF}.Release|Any CPU.Build.0 = Release|Any CPU
	EndGlobalSection
	GlobalSection(SolutionProperties) = preSolution
		HideSolutionNode = FALSE
	EndGlobalSection
	GlobalSection(ExtensibilityGlobals) = postSolution
		SolutionGuid = {FF39CC9D-D6CF-47CD-A257-5F03648B480A}
	EndGlobalSection
EndGlobal
